Microsoft Visual Studio Solution File, Format Version 12.00
# Visual Studio Version 17
VisualStudioVersion = 17.5.2.0
MinimumVisualStudioVersion = 10.0.40219.1
Project("{FAE04EC0-301F-11D3-BF4B-00C04F79EFBC}") = "CompositeKit", "CompositeKit.csproj", "{EC776B7A-55CD-309B-A138-8F1DA101DC7D}"
EndProject
Global
	GlobalSection(SolutionConfigurationPlatforms) = preSolution
		Debug|Any CPU = Debug|Any CPU
		Release|Any CPU = Release|Any CPU
	EndGlobalSection
	GlobalSection(ProjectConfigurationPlatforms) = postSolution
		{EC776B7A-55CD-309B-A138-8F1DA101DC7D}.Debug|Any CPU.ActiveCfg = Debug|Any CPU
		{EC776B7A-55CD-309B-A138-8F1DA101DC7D}.Debug|Any CPU.Build.0 = Debug|Any CPU
		{EC776B7A-55CD-309B-A138-8F1DA101DC7D}.Release|Any CPU.ActiveCfg = Release|Any CPU
		{EC776B7A-55CD-309B-A138-8F1DA101DC7D}.Release|Any CPU.Build.0 = Release|Any CPU
	EndGlobalSection
	GlobalSection(SolutionProperties) = preSolution
		HideSolutionNode = FALSE
	EndGlobalSection
	GlobalSection(ExtensibilityGlobals) = postSolution
		SolutionGuid = {DBB57397-9990-427B-9DAA-34DE4C59A237}
	EndGlobalSection
EndGlobal
